
Microsoft Visual Studio Solution File, Format Version 12.00
# Visual Studio Version 16
VisualStudioVersion = 16.0.29905.134
MinimumVisualStudioVersion = 10.0.40219.1
Project("{FAE04EC0-301F-11D3-BF4B-00C04F79EFBC}") = "Noter", "Noter\Noter.csproj", "{CACE81A8-E011-40D4-B5D5-F780F7057786}"
EndProject
Global
	GlobalSection(SolutionConfigurationPlatforms) = preSolution
		Debug|Any CPU = Debug|Any CPU
		Release|Any CPU = Release|Any CPU
	EndGlobalSection
	GlobalSection(ProjectConfigurationPlatforms) = postSolution
		{CACE81A8-E011-40D4-B5D5-F780F7057786}.Debug|Any CPU.ActiveCfg = Debug|Any CPU
		{CACE81A8-E011-40D4-B5D5-F780F7057786}.Debug|Any CPU.Build.0 = Debug|Any CPU
		{CACE81A8-E011-40D4-B5D5-F780F7057786}.Release|Any CPU.ActiveCfg = Release|Any CPU
		{CACE81A8-E011-40D4-B5D5-F780F7057786}.Release|Any CPU.Build.0 = Release|Any CPU
	EndGlobalSection
	GlobalSection(SolutionProperties) = preSolution
		HideSolutionNode = FALSE
	EndGlobalSection
	GlobalSection(ExtensibilityGlobals) = postSolution
		SolutionGuid = {CAF0EB4B-D877-441E-83AA-44BD7E07CB52}
	EndGlobalSection
EndGlobal
